// !$*UTF8*$!
{
	archiveVersion = 1;
	classes = {
	};
	objectVersion = 46;
	objects = {

/* Begin PBXBuildFile section */
		8827A20973B840047FFD8EB1 /* libPods-superfling.a in Frameworks */ = {isa = PBXBuildFile; fileRef = 299E4B0CE2FD5333023FE875 /* libPods-superfling.a */; };
		9AB8D7A01CE51AD800D45CDB /* main.m in Sources */ = {isa = PBXBuildFile; fileRef = 9AB8D79F1CE51AD800D45CDB /* main.m */; };
		9AB8D7A31CE51AD800D45CDB /* AppDelegate.m in Sources */ = {isa = PBXBuildFile; fileRef = 9AB8D7A21CE51AD800D45CDB /* AppDelegate.m */; };
		9AB8D7AC1CE51AD800D45CDB /* superfling.xcdatamodeld in Sources */ = {isa = PBXBuildFile; fileRef = 9AB8D7AA1CE51AD800D45CDB /* superfling.xcdatamodeld */; };
		9AB8D7AE1CE51AD800D45CDB /* Assets.xcassets in Resources */ = {isa = PBXBuildFile; fileRef = 9AB8D7AD1CE51AD800D45CDB /* Assets.xcassets */; };
		9AB8D7C11CE525C900D45CDB /* SFLRootViewController.m in Sources */ = {isa = PBXBuildFile; fileRef = 9AB8D7BF1CE525C900D45CDB /* SFLRootViewController.m */; };
		9AB8D7C21CE525C900D45CDB /* SFLRootViewController.xib in Resources */ = {isa = PBXBuildFile; fileRef = 9AB8D7C01CE525C900D45CDB /* SFLRootViewController.xib */; };
		9AB8D7C41CE5274300D45CDB /* LaunchScreen.storyboard in Resources */ = {isa = PBXBuildFile; fileRef = 9AB8D7C31CE5274300D45CDB /* LaunchScreen.storyboard */; };
		9AB8D7C81CE5289800D45CDB /* SFLItem.m in Sources */ = {isa = PBXBuildFile; fileRef = 9AB8D7C71CE5289800D45CDB /* SFLItem.m */; };
		9AB8D7D01CE5295500D45CDB /* NSObject+ModelMapping.m in Sources */ = {isa = PBXBuildFile; fileRef = 9AB8D7CC1CE5295500D45CDB /* NSObject+ModelMapping.m */; };
		9AB8D7D11CE5295500D45CDB /* NSObject+ObjectValidation.m in Sources */ = {isa = PBXBuildFile; fileRef = 9AB8D7CF1CE5295500D45CDB /* NSObject+ObjectValidation.m */; };
		9AB8D7D61CE52A8300D45CDB /* SFLContentManager.m in Sources */ = {isa = PBXBuildFile; fileRef = 9AB8D7D51CE52A8300D45CDB /* SFLContentManager.m */; };
		9AB8D7DA1CE52B1A00D45CDB /* SFLDataAccessObject.m in Sources */ = {isa = PBXBuildFile; fileRef = 9AB8D7D91CE52B1A00D45CDB /* SFLDataAccessObject.m */; };
		9AB8D7DE1CE52B6900D45CDB /* SFLDataAccessObject+Item.m in Sources */ = {isa = PBXBuildFile; fileRef = 9AB8D7DD1CE52B6900D45CDB /* SFLDataAccessObject+Item.m */; };
		9AB8D7E21CE5309000D45CDB /* SFLNetworkClient.m in Sources */ = {isa = PBXBuildFile; fileRef = 9AB8D7E11CE5309000D45CDB /* SFLNetworkClient.m */; };
/* End PBXBuildFile section */

/* Begin PBXFileReference section */
		299E4B0CE2FD5333023FE875 /* libPods-superfling.a */ = {isa = PBXFileReference; explicitFileType = archive.ar; includeInIndex = 0; path = "libPods-superfling.a"; sourceTree = BUILT_PRODUCTS_DIR; };
		46DA9B3DBE88D22A7FBA87A8 /* Pods-superfling.debug.xcconfig */ = {isa = PBXFileReference; includeInIndex = 1; lastKnownFileType = text.xcconfig; name = "Pods-superfling.debug.xcconfig"; path = "Pods/Target Support Files/Pods-superfling/Pods-superfling.debug.xcconfig"; sourceTree = "<group>"; };
		7FED9314486999D043951884 /* Pods-superfling.release.xcconfig */ = {isa = PBXFileReference; includeInIndex = 1; lastKnownFileType = text.xcconfig; name = "Pods-superfling.release.xcconfig"; path = "Pods/Target Support Files/Pods-superfling/Pods-superfling.release.xcconfig"; sourceTree = "<group>"; };
		9AB8D79B1CE51AD800D45CDB /* superfling.app */ = {isa = PBXFileReference; explicitFileType = wrapper.application; includeInIndex = 0; path = superfling.app; sourceTree = BUILT_PRODUCTS_DIR; };
		9AB8D79F1CE51AD800D45CDB /* main.m */ = {isa = PBXFileReference; lastKnownFileType = sourcecode.c.objc; path = main.m; sourceTree = "<group>"; };
		9AB8D7A11CE51AD800D45CDB /* AppDelegate.h */ = {isa = PBXFileReference; lastKnownFileType = sourcecode.c.h; path = AppDelegate.h; sourceTree = "<group>"; };
		9AB8D7A21CE51AD800D45CDB /* AppDelegate.m */ = {isa = PBXFileReference; lastKnownFileType = sourcecode.c.objc; path = AppDelegate.m; sourceTree = "<group>"; };
		9AB8D7AB1CE51AD800D45CDB /* superfling.xcdatamodel */ = {isa = PBXFileReference; lastKnownFileType = wrapper.xcdatamodel; path = superfling.xcdatamodel; sourceTree = "<group>"; };
		9AB8D7AD1CE51AD800D45CDB /* Assets.xcassets */ = {isa = PBXFileReference; lastKnownFileType = folder.assetcatalog; path = Assets.xcassets; sourceTree = "<group>"; };
		9AB8D7B21CE51AD800D45CDB /* Info.plist */ = {isa = PBXFileReference; lastKnownFileType = text.plist.xml; path = Info.plist; sourceTree = "<group>"; };
		9AB8D7BE1CE525C900D45CDB /* SFLRootViewController.h */ = {isa = PBXFileReference; fileEncoding = 4; lastKnownFileType = sourcecode.c.h; name = SFLRootViewController.h; path = Classes/ViewController/RootViewController/SFLRootViewController.h; sourceTree = "<group>"; };
		9AB8D7BF1CE525C900D45CDB /* SFLRootViewController.m */ = {isa = PBXFileReference; fileEncoding = 4; lastKnownFileType = sourcecode.c.objc; name = SFLRootViewController.m; path = Classes/ViewController/RootViewController/SFLRootViewController.m; sourceTree = "<group>"; };
		9AB8D7C01CE525C900D45CDB /* SFLRootViewController.xib */ = {isa = PBXFileReference; fileEncoding = 4; lastKnownFileType = file.xib; name = SFLRootViewController.xib; path = Classes/ViewController/RootViewController/SFLRootViewController.xib; sourceTree = "<group>"; };
		9AB8D7C31CE5274300D45CDB /* LaunchScreen.storyboard */ = {isa = PBXFileReference; fileEncoding = 4; lastKnownFileType = file.storyboard; path = LaunchScreen.storyboard; sourceTree = "<group>"; };
		9AB8D7C61CE5289800D45CDB /* SFLItem.h */ = {isa = PBXFileReference; fileEncoding = 4; lastKnownFileType = sourcecode.c.h; name = SFLItem.h; path = DTO/SFLItem/SFLItem.h; sourceTree = "<group>"; };
		9AB8D7C71CE5289800D45CDB /* SFLItem.m */ = {isa = PBXFileReference; fileEncoding = 4; lastKnownFileType = sourcecode.c.objc; name = SFLItem.m; path = DTO/SFLItem/SFLItem.m; sourceTree = "<group>"; };
		9AB8D7CB1CE5295500D45CDB /* NSObject+ModelMapping.h */ = {isa = PBXFileReference; fileEncoding = 4; lastKnownFileType = sourcecode.c.h; path = "NSObject+ModelMapping.h"; sourceTree = "<group>"; };
		9AB8D7CC1CE5295500D45CDB /* NSObject+ModelMapping.m */ = {isa = PBXFileReference; fileEncoding = 4; lastKnownFileType = sourcecode.c.objc; path = "NSObject+ModelMapping.m"; sourceTree = "<group>"; };
		9AB8D7CE1CE5295500D45CDB /* NSObject+ObjectValidation.h */ = {isa = PBXFileReference; fileEncoding = 4; lastKnownFileType = sourcecode.c.h; path = "NSObject+ObjectValidation.h"; sourceTree = "<group>"; };
		9AB8D7CF1CE5295500D45CDB /* NSObject+ObjectValidation.m */ = {isa = PBXFileReference; fileEncoding = 4; lastKnownFileType = sourcecode.c.objc; path = "NSObject+ObjectValidation.m"; sourceTree = "<group>"; };
		9AB8D7D41CE52A8300D45CDB /* SFLContentManager.h */ = {isa = PBXFileReference; fileEncoding = 4; lastKnownFileType = sourcecode.c.h; name = SFLContentManager.h; path = DTO/ContentManager/SFLContentManager.h; sourceTree = "<group>"; };
		9AB8D7D51CE52A8300D45CDB /* SFLContentManager.m */ = {isa = PBXFileReference; fileEncoding = 4; lastKnownFileType = sourcecode.c.objc; name = SFLContentManager.m; path = DTO/ContentManager/SFLContentManager.m; sourceTree = "<group>"; };
		9AB8D7D81CE52B1A00D45CDB /* SFLDataAccessObject.h */ = {isa = PBXFileReference; fileEncoding = 4; lastKnownFileType = sourcecode.c.h; name = SFLDataAccessObject.h; path = DTO/ContentManager/DataAccessObject/SFLDataAccessObject.h; sourceTree = "<group>"; };
		9AB8D7D91CE52B1A00D45CDB /* SFLDataAccessObject.m */ = {isa = PBXFileReference; fileEncoding = 4; lastKnownFileType = sourcecode.c.objc; name = SFLDataAccessObject.m; path = DTO/ContentManager/DataAccessObject/SFLDataAccessObject.m; sourceTree = "<group>"; };
		9AB8D7DC1CE52B6900D45CDB /* SFLDataAccessObject+Item.h */ = {isa = PBXFileReference; fileEncoding = 4; lastKnownFileType = sourcecode.c.h; name = "SFLDataAccessObject+Item.h"; path = "DTO/ContentManager/DataAccessObject/ItemAccessObject/SFLDataAccessObject+Item.h"; sourceTree = "<group>"; };
		9AB8D7DD1CE52B6900D45CDB /* SFLDataAccessObject+Item.m */ = {isa = PBXFileReference; fileEncoding = 4; lastKnownFileType = sourcecode.c.objc; name = "SFLDataAccessObject+Item.m"; path = "DTO/ContentManager/DataAccessObject/ItemAccessObject/SFLDataAccessObject+Item.m"; sourceTree = "<group>"; };
		9AB8D7E01CE5309000D45CDB /* SFLNetworkClient.h */ = {isa = PBXFileReference; fileEncoding = 4; lastKnownFileType = sourcecode.c.h; name = SFLNetworkClient.h; path = DTO/ContentManager/NetworkClient/SFLNetworkClient.h; sourceTree = "<group>"; };
		9AB8D7E11CE5309000D45CDB /* SFLNetworkClient.m */ = {isa = PBXFileReference; fileEncoding = 4; lastKnownFileType = sourcecode.c.objc; name = SFLNetworkClient.m; path = DTO/ContentManager/NetworkClient/SFLNetworkClient.m; sourceTree = "<group>"; };
/* End PBXFileReference section */

/* Begin PBXFrameworksBuildPhase section */
		9AB8D7981CE51AD800D45CDB /* Frameworks */ = {
			isa = PBXFrameworksBuildPhase;
			buildActionMask = 2147483647;
			files = (
				8827A20973B840047FFD8EB1 /* libPods-superfling.a in Frameworks */,
			);
			runOnlyForDeploymentPostprocessing = 0;
		};
/* End PBXFrameworksBuildPhase section */

/* Begin PBXGroup section */
		819199A5B9015322BA84BE11 /* Pods */ = {
			isa = PBXGroup;
			children = (
				46DA9B3DBE88D22A7FBA87A8 /* Pods-superfling.debug.xcconfig */,
				7FED9314486999D043951884 /* Pods-superfling.release.xcconfig */,
			);
			name = Pods;
			sourceTree = "<group>";
		};
		9AB8D7921CE51AD800D45CDB = {
			isa = PBXGroup;
			children = (
				9AB8D79D1CE51AD800D45CDB /* superfling */,
				9AB8D79C1CE51AD800D45CDB /* Products */,
				819199A5B9015322BA84BE11 /* Pods */,
				DC5586B36452638BB2EA5DFC /* Frameworks */,
			);
			sourceTree = "<group>";
		};
		9AB8D79C1CE51AD800D45CDB /* Products */ = {
			isa = PBXGroup;
			children = (
				9AB8D79B1CE51AD800D45CDB /* superfling.app */,
			);
			name = Products;
			sourceTree = "<group>";
		};
		9AB8D79D1CE51AD800D45CDB /* superfling */ = {
			isa = PBXGroup;
			children = (
				9AB8D7BA1CE5254400D45CDB /* DTO */,
				9AB8D7B81CE5252200D45CDB /* DTM */,
				9AB8D7B91CE5253B00D45CDB /* AppDelegate */,
				9AB8D7BB1CE5254A00D45CDB /* Classes */,
				9AB8D7AD1CE51AD800D45CDB /* Assets.xcassets */,
				9AB8D7C31CE5274300D45CDB /* LaunchScreen.storyboard */,
				9AB8D7B21CE51AD800D45CDB /* Info.plist */,
				9AB8D79E1CE51AD800D45CDB /* Supporting Files */,
			);
			path = superfling;
			sourceTree = "<group>";
		};
		9AB8D79E1CE51AD800D45CDB /* Supporting Files */ = {
			isa = PBXGroup;
			children = (
				9AB8D79F1CE51AD800D45CDB /* main.m */,
			);
			name = "Supporting Files";
			sourceTree = "<group>";
		};
		9AB8D7B81CE5252200D45CDB /* DTM */ = {
			isa = PBXGroup;
			children = (
				9AB8D7AA1CE51AD800D45CDB /* superfling.xcdatamodeld */,
			);
			name = DTM;
			sourceTree = "<group>";
		};
		9AB8D7B91CE5253B00D45CDB /* AppDelegate */ = {
			isa = PBXGroup;
			children = (
				9AB8D7A11CE51AD800D45CDB /* AppDelegate.h */,
				9AB8D7A21CE51AD800D45CDB /* AppDelegate.m */,
			);
			name = AppDelegate;
			sourceTree = "<group>";
		};
		9AB8D7BA1CE5254400D45CDB /* DTO */ = {
			isa = PBXGroup;
			children = (
				9AB8D7D31CE52A5C00D45CDB /* ContentManager */,
				9AB8D7D21CE529C400D45CDB /* Models */,
			);
			name = DTO;
			sourceTree = "<group>";
		};
		9AB8D7BB1CE5254A00D45CDB /* Classes */ = {
			isa = PBXGroup;
			children = (
				9AB8D7C91CE5291400D45CDB /* Categories */,
				9AB8D7BC1CE5259000D45CDB /* ViewController */,
			);
			name = Classes;
			sourceTree = "<group>";
		};
		9AB8D7BC1CE5259000D45CDB /* ViewController */ = {
			isa = PBXGroup;
			children = (
				9AB8D7BD1CE5259900D45CDB /* RootViewController */,
			);
			name = ViewController;
			sourceTree = "<group>";
		};
		9AB8D7BD1CE5259900D45CDB /* RootViewController */ = {
			isa = PBXGroup;
			children = (
				9AB8D7BE1CE525C900D45CDB /* SFLRootViewController.h */,
				9AB8D7BF1CE525C900D45CDB /* SFLRootViewController.m */,
				9AB8D7C01CE525C900D45CDB /* SFLRootViewController.xib */,
			);
			name = RootViewController;
			sourceTree = "<group>";
		};
		9AB8D7C51CE5287A00D45CDB /* Item */ = {
			isa = PBXGroup;
			children = (
				9AB8D7C61CE5289800D45CDB /* SFLItem.h */,
				9AB8D7C71CE5289800D45CDB /* SFLItem.m */,
			);
			name = Item;
			sourceTree = "<group>";
		};
		9AB8D7C91CE5291400D45CDB /* Categories */ = {
			isa = PBXGroup;
			children = (
				9AB8D7CA1CE5295500D45CDB /* ModelMapping */,
				9AB8D7CD1CE5295500D45CDB /* Object Validation */,
			);
			name = Categories;
			sourceTree = "<group>";
		};
		9AB8D7CA1CE5295500D45CDB /* ModelMapping */ = {
			isa = PBXGroup;
			children = (
				9AB8D7CB1CE5295500D45CDB /* NSObject+ModelMapping.h */,
				9AB8D7CC1CE5295500D45CDB /* NSObject+ModelMapping.m */,
			);
			name = ModelMapping;
			path = Classes/Categories/ModelMapping;
			sourceTree = "<group>";
		};
		9AB8D7CD1CE5295500D45CDB /* Object Validation */ = {
			isa = PBXGroup;
			children = (
				9AB8D7CE1CE5295500D45CDB /* NSObject+ObjectValidation.h */,
				9AB8D7CF1CE5295500D45CDB /* NSObject+ObjectValidation.m */,
			);
			name = "Object Validation";
			path = "Classes/Categories/Object Validation";
			sourceTree = "<group>";
		};
		9AB8D7D21CE529C400D45CDB /* Models */ = {
			isa = PBXGroup;
			children = (
				9AB8D7C51CE5287A00D45CDB /* Item */,
			);
			name = Models;
			sourceTree = "<group>";
		};
		9AB8D7D31CE52A5C00D45CDB /* ContentManager */ = {
			isa = PBXGroup;
			children = (
				9AB8D7D41CE52A8300D45CDB /* SFLContentManager.h */,
				9AB8D7D51CE52A8300D45CDB /* SFLContentManager.m */,
				9AB8D7DF1CE5306E00D45CDB /* NetworkClient */,
				9AB8D7D71CE52B0300D45CDB /* DataAccessObject */,
			);
			name = ContentManager;
			sourceTree = "<group>";
		};
		9AB8D7D71CE52B0300D45CDB /* DataAccessObject */ = {
			isa = PBXGroup;
			children = (
				9AB8D7D81CE52B1A00D45CDB /* SFLDataAccessObject.h */,
				9AB8D7D91CE52B1A00D45CDB /* SFLDataAccessObject.m */,
				9AB8D7DB1CE52B3000D45CDB /* ItemAccessObject */,
			);
			name = DataAccessObject;
			sourceTree = "<group>";
		};
		9AB8D7DB1CE52B3000D45CDB /* ItemAccessObject */ = {
			isa = PBXGroup;
			children = (
				9AB8D7DC1CE52B6900D45CDB /* SFLDataAccessObject+Item.h */,
				9AB8D7DD1CE52B6900D45CDB /* SFLDataAccessObject+Item.m */,
			);
			name = ItemAccessObject;
			sourceTree = "<group>";
		};
		9AB8D7DF1CE5306E00D45CDB /* NetworkClient */ = {
			isa = PBXGroup;
			children = (
				9AB8D7E01CE5309000D45CDB /* SFLNetworkClient.h */,
				9AB8D7E11CE5309000D45CDB /* SFLNetworkClient.m */,
			);
			name = NetworkClient;
			sourceTree = "<group>";
		};
		DC5586B36452638BB2EA5DFC /* Frameworks */ = {
			isa = PBXGroup;
			children = (
				299E4B0CE2FD5333023FE875 /* libPods-superfling.a */,
			);
			name = Frameworks;
			sourceTree = "<group>";
		};
/* End PBXGroup section */

/* Begin PBXNativeTarget section */
		9AB8D79A1CE51AD800D45CDB /* superfling */ = {
			isa = PBXNativeTarget;
			buildConfigurationList = 9AB8D7B51CE51AD800D45CDB /* Build configuration list for PBXNativeTarget "superfling" */;
			buildPhases = (
				B2EBC33B5DBB7BD0F4405968 /* Check Pods Manifest.lock */,
				9AB8D7971CE51AD800D45CDB /* Sources */,
				9AB8D7981CE51AD800D45CDB /* Frameworks */,
				9AB8D7991CE51AD800D45CDB /* Resources */,
				96ACAEF52E1F4569DA7D88DB /* Embed Pods Frameworks */,
				B282848041F8BF0AD28BF30E /* Copy Pods Resources */,
			);
			buildRules = (
			);
			dependencies = (
			);
			name = superfling;
			productName = superfling;
			productReference = 9AB8D79B1CE51AD800D45CDB /* superfling.app */;
			productType = "com.apple.product-type.application";
		};
/* End PBXNativeTarget section */

/* Begin PBXProject section */
		9AB8D7931CE51AD800D45CDB /* Project object */ = {
			isa = PBXProject;
			attributes = {
				LastUpgradeCheck = 0730;
				ORGANIZATIONNAME = "Daniele Bogo";
				TargetAttributes = {
					9AB8D79A1CE51AD800D45CDB = {
						CreatedOnToolsVersion = 7.3.1;
						DevelopmentTeam = Q3SKDBM9PM;
					};
				};
			};
			buildConfigurationList = 9AB8D7961CE51AD800D45CDB /* Build configuration list for PBXProject "superfling" */;
			compatibilityVersion = "Xcode 3.2";
			developmentRegion = English;
			hasScannedForEncodings = 0;
			knownRegions = (
				en,
				Base,
			);
			mainGroup = 9AB8D7921CE51AD800D45CDB;
			productRefGroup = 9AB8D79C1CE51AD800D45CDB /* Products */;
			projectDirPath = "";
			projectRoot = "";
			targets = (
				9AB8D79A1CE51AD800D45CDB /* superfling */,
			);
		};
/* End PBXProject section */

/* Begin PBXResourcesBuildPhase section */
		9AB8D7991CE51AD800D45CDB /* Resources */ = {
			isa = PBXResourcesBuildPhase;
			buildActionMask = 2147483647;
			files = (
				9AB8D7C41CE5274300D45CDB /* LaunchScreen.storyboard in Resources */,
				9AB8D7C21CE525C900D45CDB /* SFLRootViewController.xib in Resources */,
				9AB8D7AE1CE51AD800D45CDB /* Assets.xcassets in Resources */,
			);
			runOnlyForDeploymentPostprocessing = 0;
		};
/* End PBXResourcesBuildPhase section */

/* Begin PBXShellScriptBuildPhase section */
		96ACAEF52E1F4569DA7D88DB /* Embed Pods Frameworks */ = {
			isa = PBXShellScriptBuildPhase;
			buildActionMask = 2147483647;
			files = (
			);
			inputPaths = (
			);
			name = "Embed Pods Frameworks";
			outputPaths = (
			);
			runOnlyForDeploymentPostprocessing = 0;
			shellPath = /bin/sh;
			shellScript = "\"${SRCROOT}/Pods/Target Support Files/Pods-superfling/Pods-superfling-frameworks.sh\"\n";
			showEnvVarsInLog = 0;
		};
		B282848041F8BF0AD28BF30E /* Copy Pods Resources */ = {
			isa = PBXShellScriptBuildPhase;
			buildActionMask = 2147483647;
			files = (
			);
			inputPaths = (
			);
			name = "Copy Pods Resources";
			outputPaths = (
			);
			runOnlyForDeploymentPostprocessing = 0;
			shellPath = /bin/sh;
			shellScript = "\"${SRCROOT}/Pods/Target Support Files/Pods-superfling/Pods-superfling-resources.sh\"\n";
			showEnvVarsInLog = 0;
		};
		B2EBC33B5DBB7BD0F4405968 /* Check Pods Manifest.lock */ = {
			isa = PBXShellScriptBuildPhase;
			buildActionMask = 2147483647;
			files = (
			);
			inputPaths = (
			);
			name = "Check Pods Manifest.lock";
			outputPaths = (
			);
			runOnlyForDeploymentPostprocessing = 0;
			shellPath = /bin/sh;
			shellScript = "diff \"${PODS_ROOT}/../Podfile.lock\" \"${PODS_ROOT}/Manifest.lock\" > /dev/null\nif [[ $? != 0 ]] ; then\n    cat << EOM\nerror: The sandbox is not in sync with the Podfile.lock. Run 'pod install' or update your CocoaPods installation.\nEOM\n    exit 1\nfi\n";
			showEnvVarsInLog = 0;
		};
/* End PBXShellScriptBuildPhase section */

/* Begin PBXSourcesBuildPhase section */
		9AB8D7971CE51AD800D45CDB /* Sources */ = {
			isa = PBXSourcesBuildPhase;
			buildActionMask = 2147483647;
			files = (
				9AB8D7D11CE5295500D45CDB /* NSObject+ObjectValidation.m in Sources */,
				9AB8D7D61CE52A8300D45CDB /* SFLContentManager.m in Sources */,
				9AB8D7A31CE51AD800D45CDB /* AppDelegate.m in Sources */,
				9AB8D7AC1CE51AD800D45CDB /* superfling.xcdatamodeld in Sources */,
				9AB8D7D01CE5295500D45CDB /* NSObject+ModelMapping.m in Sources */,
				9AB8D7DE1CE52B6900D45CDB /* SFLDataAccessObject+Item.m in Sources */,
				9AB8D7C11CE525C900D45CDB /* SFLRootViewController.m in Sources */,
				9AB8D7E21CE5309000D45CDB /* SFLNetworkClient.m in Sources */,
				9AB8D7C81CE5289800D45CDB /* SFLItem.m in Sources */,
				9AB8D7DA1CE52B1A00D45CDB /* SFLDataAccessObject.m in Sources */,
				9AB8D7A01CE51AD800D45CDB /* main.m in Sources */,
			);
			runOnlyForDeploymentPostprocessing = 0;
		};
/* End PBXSourcesBuildPhase section */

/* Begin XCBuildConfiguration section */
		9AB8D7B31CE51AD800D45CDB /* Debug */ = {
			isa = XCBuildConfiguration;
			buildSettings = {
				ALWAYS_SEARCH_USER_PATHS = NO;
				CLANG_ANALYZER_NONNULL = YES;
				CLANG_CXX_LANGUAGE_STANDARD = "gnu++0x";
				CLANG_CXX_LIBRARY = "libc++";
				CLANG_ENABLE_MODULES = YES;
				CLANG_ENABLE_OBJC_ARC = YES;
				CLANG_WARN_BOOL_CONVERSION = YES;
				CLANG_WARN_CONSTANT_CONVERSION = YES;
				CLANG_WARN_DIRECT_OBJC_ISA_USAGE = YES_ERROR;
				CLANG_WARN_EMPTY_BODY = YES;
				CLANG_WARN_ENUM_CONVERSION = YES;
				CLANG_WARN_INT_CONVERSION = YES;
				CLANG_WARN_OBJC_ROOT_CLASS = YES_ERROR;
				CLANG_WARN_UNREACHABLE_CODE = YES;
				CLANG_WARN__DUPLICATE_METHOD_MATCH = YES;
				"CODE_SIGN_IDENTITY[sdk=iphoneos*]" = "iPhone Developer";
				COPY_PHASE_STRIP = NO;
				DEBUG_INFORMATION_FORMAT = dwarf;
				ENABLE_STRICT_OBJC_MSGSEND = YES;
				ENABLE_TESTABILITY = YES;
				GCC_C_LANGUAGE_STANDARD = gnu99;
				GCC_DYNAMIC_NO_PIC = NO;
				GCC_NO_COMMON_BLOCKS = YES;
				GCC_OPTIMIZATION_LEVEL = 0;
				GCC_PREPROCESSOR_DEFINITIONS = (
					"DEBUG=1",
					"$(inherited)",
				);
				GCC_WARN_64_TO_32_BIT_CONVERSION = YES;
				GCC_WARN_ABOUT_RETURN_TYPE = YES_ERROR;
				GCC_WARN_UNDECLARED_SELECTOR = YES;
				GCC_WARN_UNINITIALIZED_AUTOS = YES_AGGRESSIVE;
				GCC_WARN_UNUSED_FUNCTION = YES;
				GCC_WARN_UNUSED_VARIABLE = YES;
				IPHONEOS_DEPLOYMENT_TARGET = 9.3;
				MTL_ENABLE_DEBUG_INFO = YES;
				ONLY_ACTIVE_ARCH = YES;
				SDKROOT = iphoneos;
			};
			name = Debug;
		};
		9AB8D7B41CE51AD800D45CDB /* Release */ = {
			isa = XCBuildConfiguration;
			buildSettings = {
				ALWAYS_SEARCH_USER_PATHS = NO;
				CLANG_ANALYZER_NONNULL = YES;
				CLANG_CXX_LANGUAGE_STANDARD = "gnu++0x";
				CLANG_CXX_LIBRARY = "libc++";
				CLANG_ENABLE_MODULES = YES;
				CLANG_ENABLE_OBJC_ARC = YES;
				CLANG_WARN_BOOL_CONVERSION = YES;
				CLANG_WARN_CONSTANT_CONVERSION = YES;
				CLANG_WARN_DIRECT_OBJC_ISA_USAGE = YES_ERROR;
				CLANG_WARN_EMPTY_BODY = YES;
				CLANG_WARN_ENUM_CONVERSION = YES;
				CLANG_WARN_INT_CONVERSION = YES;
				CLANG_WARN_OBJC_ROOT_CLASS = YES_ERROR;
				CLANG_WARN_UNREACHABLE_CODE = YES;
				CLANG_WARN__DUPLICATE_METHOD_MATCH = YES;
				"CODE_SIGN_IDENTITY[sdk=iphoneos*]" = "iPhone Developer";
				COPY_PHASE_STRIP = NO;
				DEBUG_INFORMATION_FORMAT = "dwarf-with-dsym";
				ENABLE_NS_ASSERTIONS = NO;
				ENABLE_STRICT_OBJC_MSGSEND = YES;
				GCC_C_LANGUAGE_STANDARD = gnu99;
				GCC_NO_COMMON_BLOCKS = YES;
				GCC_WARN_64_TO_32_BIT_CONVERSION = YES;
				GCC_WARN_ABOUT_RETURN_TYPE = YES_ERROR;
				GCC_WARN_UNDECLARED_SELECTOR = YES;
				GCC_WARN_UNINITIALIZED_AUTOS = YES_AGGRESSIVE;
				GCC_WARN_UNUSED_FUNCTION = YES;
				GCC_WARN_UNUSED_VARIABLE = YES;
				IPHONEOS_DEPLOYMENT_TARGET = 9.3;
				MTL_ENABLE_DEBUG_INFO = NO;
				SDKROOT = iphoneos;
				VALIDATE_PRODUCT = YES;
			};
			name = Release;
		};
		9AB8D7B61CE51AD800D45CDB /* Debug */ = {
			isa = XCBuildConfiguration;
			baseConfigurationReference = 46DA9B3DBE88D22A7FBA87A8 /* Pods-superfling.debug.xcconfig */;
			buildSettings = {
				ASSETCATALOG_COMPILER_APPICON_NAME = AppIcon;
				CODE_SIGN_IDENTITY = "iPhone Developer";
				"CODE_SIGN_IDENTITY[sdk=iphoneos*]" = "iPhone Developer";
				INFOPLIST_FILE = superfling/Info.plist;
				LD_RUNPATH_SEARCH_PATHS = "$(inherited) @executable_path/Frameworks";
				PRODUCT_BUNDLE_IDENTIFIER = com.danielebogo.superfling;
				PRODUCT_NAME = "$(TARGET_NAME)";
				PROVISIONING_PROFILE = "";
			};
			name = Debug;
		};
		9AB8D7B71CE51AD800D45CDB /* Release */ = {
			isa = XCBuildConfiguration;
			baseConfigurationReference = 7FED9314486999D043951884 /* Pods-superfling.release.xcconfig */;
			buildSettings = {
				ASSETCATALOG_COMPILER_APPICON_NAME = AppIcon;
				CODE_SIGN_IDENTITY = "iPhone Developer";
				"CODE_SIGN_IDENTITY[sdk=iphoneos*]" = "iPhone Developer";
				INFOPLIST_FILE = superfling/Info.plist;
				LD_RUNPATH_SEARCH_PATHS = "$(inherited) @executable_path/Frameworks";
				PRODUCT_BUNDLE_IDENTIFIER = com.danielebogo.superfling;
				PRODUCT_NAME = "$(TARGET_NAME)";
				PROVISIONING_PROFILE = "";
			};
			name = Release;
		};
/* End XCBuildConfiguration section */

/* Begin XCConfigurationList section */
		9AB8D7961CE51AD800D45CDB /* Build configuration list for PBXProject "superfling" */ = {
			isa = XCConfigurationList;
			buildConfigurations = (
				9AB8D7B31CE51AD800D45CDB /* Debug */,
				9AB8D7B41CE51AD800D45CDB /* Release */,
			);
			defaultConfigurationIsVisible = 0;
			defaultConfigurationName = Release;
		};
		9AB8D7B51CE51AD800D45CDB /* Build configuration list for PBXNativeTarget "superfling" */ = {
			isa = XCConfigurationList;
			buildConfigurations = (
				9AB8D7B61CE51AD800D45CDB /* Debug */,
				9AB8D7B71CE51AD800D45CDB /* Release */,
			);
			defaultConfigurationIsVisible = 0;
			defaultConfigurationName = Release;
		};
/* End XCConfigurationList section */

/* Begin XCVersionGroup section */
		9AB8D7AA1CE51AD800D45CDB /* superfling.xcdatamodeld */ = {
			isa = XCVersionGroup;
			children = (
				9AB8D7AB1CE51AD800D45CDB /* superfling.xcdatamodel */,
			);
			currentVersion = 9AB8D7AB1CE51AD800D45CDB /* superfling.xcdatamodel */;
			path = superfling.xcdatamodeld;
			sourceTree = "<group>";
			versionGroupType = wrapper.xcdatamodel;
		};
/* End XCVersionGroup section */
	};
	rootObject = 9AB8D7931CE51AD800D45CDB /* Project object */;
}
